Microsoft Visual Studio Solution File, Format Version 12.00
# Visual Studio Version 17
VisualStudioVersion = 17.5.2.0
MinimumVisualStudioVersion = 10.0.40219.1
Project("{FAE04EC0-301F-11D3-BF4B-00C04F79EFBC}") = "Seats.Api", "Seats.Api.csproj", "{B40DF333-9DB3-2969-2A20-CBCCA4F75B7C}"
EndProject
Global
	GlobalSection(SolutionConfigurationPlatforms) = preSolution
		Debug|Any CPU = Debug|Any CPU
		Release|Any CPU = Release|Any CPU
	EndGlobalSection
	GlobalSection(ProjectConfigurationPlatforms) = postSolution
		{B40DF333-9DB3-2969-2A20-CBCCA4F75B7C}.Debug|Any CPU.ActiveCfg = Debug|Any CPU
		{B40DF333-9DB3-2969-2A20-CBCCA4F75B7C}.Debug|Any CPU.Build.0 = Debug|Any CPU
		{B40DF333-9DB3-2969-2A20-CBCCA4F75B7C}.Release|Any CPU.ActiveCfg = Release|Any CPU
		{B40DF333-9DB3-2969-2A20-CBCCA4F75B7C}.Release|Any CPU.Build.0 = Release|Any CPU
	EndGlobalSection
	GlobalSection(SolutionProperties) = preSolution
		HideSolutionNode = FALSE
	EndGlobalSection
	GlobalSection(ExtensibilityGlobals) = postSolution
		SolutionGuid = {BA598F63-5E79-456A-900F-36AC556B5CC9}
	EndGlobalSection
EndGlobal
